
Microsoft Visual Studio Solution File, Format Version 12.00
# Visual Studio Version 17
VisualStudioVersion = 17.14.36811.4 d17.14
MinimumVisualStudioVersion = 10.0.40219.1
Project("{2150E333-8FDC-42A3-9474-1A3956D46DE8}") = "src", "src", "{02EA681E-C7D8-13C7-8484-4AC65E1B71E8}"
EndProject
Project("{2150E333-8FDC-42A3-9474-1A3956D46DE8}") = "tests", "tests", "{61B11CD1-77A9-4D1E-A3B9-FCBADDAB07D6}"
EndProject
Project("{2150E333-8FDC-42A3-9474-1A3956D46DE8}") = "Core", "Core", "{E0BBA446-9F12-4ED2-82E4-17B98F9C22D8}"
EndProject
Project("{2150E333-8FDC-42A3-9474-1A3956D46DE8}") = "Infrastructure", "Infrastructure", "{84CD1A80-F89C-46A3-8432-51E7E91B6223}"
EndProject
Project("{2150E333-8FDC-42A3-9474-1A3956D46DE8}") = "Presentation", "Presentation", "{03DE3F97-42F7-4B64-BB38-69EECB542C97}"
EndProject
Project("{FAE04EC0-301F-11D3-BF4B-00C04F79EFBC}") = "AuthDemoAPI", "src\Presentation\AuthDemoAPI\AuthDemoAPI.csproj", "{FFDF8721-C3A7-4628-A054-389B5489B8E0}"
EndProject
Project("{FAE04EC0-301F-11D3-BF4B-00C04F79EFBC}") = "Application", "src\Core\Application\Application.csproj", "{088FF1A9-B51E-4540-A717-1411929943DF}"
EndProject
Project("{FAE04EC0-301F-11D3-BF4B-00C04F79EFBC}") = "Domain", "src\Core\Domain\Domain.csproj", "{72F414A5-C22C-4C51-978B-1D8A271B3FB0}"
EndProject
Global
	GlobalSection(SolutionConfigurationPlatforms) = preSolution
		Debug|Any CPU = Debug|Any CPU
		Release|Any CPU = Release|Any CPU
	EndGlobalSection
	GlobalSection(ProjectConfigurationPlatforms) = postSolution
		{FFDF8721-C3A7-4628-A054-389B5489B8E0}.Debug|Any CPU.ActiveCfg = Debug|Any CPU
		{FFDF8721-C3A7-4628-A054-389B5489B8E0}.Debug|Any CPU.Build.0 = Debug|Any CPU
		{FFDF8721-C3A7-4628-A054-389B5489B8E0}.Release|Any CPU.ActiveCfg = Release|Any CPU
		{FFDF8721-C3A7-4628-A054-389B5489B8E0}.Release|Any CPU.Build.0 = Release|Any CPU
		{088FF1A9-B51E-4540-A717-1411929943DF}.Debug|Any CPU.ActiveCfg = Debug|Any CPU
		{088FF1A9-B51E-4540-A717-1411929943DF}.Debug|Any CPU.Build.0 = Debug|Any CPU
		{088FF1A9-B51E-4540-A717-1411929943DF}.Release|Any CPU.ActiveCfg = Release|Any CPU
		{088FF1A9-B51E-4540-A717-1411929943DF}.Release|Any CPU.Build.0 = Release|Any CPU
		{72F414A5-C22C-4C51-978B-1D8A271B3FB0}.Debug|Any CPU.ActiveCfg = Debug|Any CPU
		{72F414A5-C22C-4C51-978B-1D8A271B3FB0}.Debug|Any CPU.Build.0 = Debug|Any CPU
		{72F414A5-C22C-4C51-978B-1D8A271B3FB0}.Release|Any CPU.ActiveCfg = Release|Any CPU
		{72F414A5-C22C-4C51-978B-1D8A271B3FB0}.Release|Any CPU.Build.0 = Release|Any CPU
	EndGlobalSection
	GlobalSection(SolutionProperties) = preSolution
		HideSolutionNode = FALSE
	EndGlobalSection
	GlobalSection(NestedProjects) = preSolution
		{E0BBA446-9F12-4ED2-82E4-17B98F9C22D8} = {02EA681E-C7D8-13C7-8484-4AC65E1B71E8}
		{84CD1A80-F89C-46A3-8432-51E7E91B6223} = {02EA681E-C7D8-13C7-8484-4AC65E1B71E8}
		{03DE3F97-42F7-4B64-BB38-69EECB542C97} = {02EA681E-C7D8-13C7-8484-4AC65E1B71E8}
		{FFDF8721-C3A7-4628-A054-389B5489B8E0} = {03DE3F97-42F7-4B64-BB38-69EECB542C97}
		{088FF1A9-B51E-4540-A717-1411929943DF} = {E0BBA446-9F12-4ED2-82E4-17B98F9C22D8}
		{72F414A5-C22C-4C51-978B-1D8A271B3FB0} = {E0BBA446-9F12-4ED2-82E4-17B98F9C22D8}
	EndGlobalSection
	GlobalSection(ExtensibilityGlobals) = postSolution
		SolutionGuid = {6DF52C3A-73D9-4095-8144-B1B5D9AA59DF}
	EndGlobalSection
EndGlobal
